
Microsoft Visual Studio Solution File, Format Version 12.00
# Visual Studio Version 17
VisualStudioVersion = 17.7.34031.279
MinimumVisualStudioVersion = 10.0.40219.1
Project("{FAE04EC0-301F-11D3-BF4B-00C04F79EFBC}") = "tablo_odevi", "tablo_odevi\tablo_odevi.csproj", "{0C74628D-CFF8-46FB-B995-649722DAA30A}"
EndProject
Global
	GlobalSection(SolutionConfigurationPlatforms) = preSolution
		Debug|Any CPU = Debug|Any CPU
		Release|Any CPU = Release|Any CPU
	EndGlobalSection
	GlobalSection(ProjectConfigurationPlatforms) = postSolution
		{0C74628D-CFF8-46FB-B995-649722DAA30A}.Debug|Any CPU.ActiveCfg = Debug|Any CPU
		{0C74628D-CFF8-46FB-B995-649722DAA30A}.Debug|Any CPU.Build.0 = Debug|Any CPU
		{0C74628D-CFF8-46FB-B995-649722DAA30A}.Release|Any CPU.ActiveCfg = Release|Any CPU
		{0C74628D-CFF8-46FB-B995-649722DAA30A}.Release|Any CPU.Build.0 = Release|Any CPU
	EndGlobalSection
	GlobalSection(SolutionProperties) = preSolution
		HideSolutionNode = FALSE
	EndGlobalSection
	GlobalSection(ExtensibilityGlobals) = postSolution
		SolutionGuid = {BCDAF0CB-219F-45A9-9E46-BCCE6DAD5244}
	EndGlobalSection
EndGlobal
